// !$*UTF8*$!
{
	archiveVersion = 1;
	classes = {
	};
	objectVersion = 56;
	objects = {

/* Begin PBXBuildFile section */
		93E1452C2BC4462000CF18BA /* Ably_iosApp.swift in Sources */ = {isa = PBXBuildFile; fileRef = 93E1452B2BC4462000CF18BA /* Ably_iosApp.swift */; };
		93E1452E2BC4462000CF18BA /* ContentView.swift in Sources */ = {isa = PBXBuildFile; fileRef = 93E1452D2BC4462000CF18BA /* ContentView.swift */; };
		93E145302BC4462200CF18BA /* Assets.xcassets in Resources */ = {isa = PBXBuildFile; fileRef = 93E1452F2BC4462200CF18BA /* Assets.xcassets */; };
		93E145332BC4462200CF18BA /* Preview Assets.xcassets in Resources */ = {isa = PBXBuildFile; fileRef = 93E145322BC4462200CF18BA /* Preview Assets.xcassets */; };
		93E1453D2BC4462200CF18BA /* Ably_iosTests.swift in Sources */ = {isa = PBXBuildFile; fileRef = 93E1453C2BC4462200CF18BA /* Ably_iosTests.swift */; };
		93E145472BC4462200CF18BA /* Ably_iosUITests.swift in Sources */ = {isa = PBXBuildFile; fileRef = 93E145462BC4462200CF18BA /* Ably_iosUITests.swift */; };
		93E145492BC4462200CF18BA /* Ably_iosUITestsLaunchTests.swift in Sources */ = {isa = PBXBuildFile; fileRef = 93E145482BC4462200CF18BA /* Ably_iosUITestsLaunchTests.swift */; };
		93E145572BC446B100CF18BA /* Ably in Frameworks */ = {isa = PBXBuildFile; productRef = 93E145562BC446B100CF18BA /* Ably */; };
/* End PBXBuildFile section */

/* Begin PBXContainerItemProxy section */
		93E145392BC4462200CF18BA /* PBXContainerItemProxy */ = {
			isa = PBXContainerItemProxy;
			containerPortal = 93E145202BC4462000CF18BA /* Project object */;
			proxyType = 1;
			remoteGlobalIDString = 93E145272BC4462000CF18BA;
			remoteInfo = Ably_ios;
		};
		93E145432BC4462200CF18BA /* PBXContainerItemProxy */ = {
			isa = PBXContainerItemProxy;
			containerPortal = 93E145202BC4462000CF18BA /* Project object */;
			proxyType = 1;
			remoteGlobalIDString = 93E145272BC4462000CF18BA;
			remoteInfo = Ably_ios;
		};
/* End PBXContainerItemProxy section */

/* Begin PBXFileReference section */
		93C7B0672BFF8AEF000A83DE /* Ably-ios-Info.plist */ = {isa = PBXFileReference; lastKnownFileType = text.plist; path = "Ably-ios-Info.plist"; sourceTree = SOURCE_ROOT; };
		93E145282BC4462000CF18BA /* Ably_ios.app */ = {isa = PBXFileReference; explicitFileType = wrapper.application; includeInIndex = 0; path = Ably_ios.app; sourceTree = BUILT_PRODUCTS_DIR; };
		93E1452B2BC4462000CF18BA /* Ably_iosApp.swift */ = {isa = PBXFileReference; lastKnownFileType = sourcecode.swift; path = Ably_iosApp.swift; sourceTree = "<group>"; };
		93E1452D2BC4462000CF18BA /* ContentView.swift */ = {isa = PBXFileReference; lastKnownFileType = sourcecode.swift; path = ContentView.swift; sourceTree = "<group>"; };
		93E1452F2BC4462200CF18BA /* Assets.xcassets */ = {isa = PBXFileReference; lastKnownFileType = folder.assetcatalog; path = Assets.xcassets; sourceTree = "<group>"; };
		93E145322BC4462200CF18BA /* Preview Assets.xcassets */ = {isa = PBXFileReference; lastKnownFileType = folder.assetcatalog; path = "Preview Assets.xcassets"; sourceTree = "<group>"; };
		93E145382BC4462200CF18BA /* Ably_iosTests.xctest */ = {isa = PBXFileReference; explicitFileType = wrapper.cfbundle; includeInIndex = 0; path = Ably_iosTests.xctest; sourceTree = BUILT_PRODUCTS_DIR; };
		93E1453C2BC4462200CF18BA /* Ably_iosTests.swift */ = {isa = PBXFileReference; lastKnownFileType = sourcecode.swift; path = Ably_iosTests.swift; sourceTree = "<group>"; };
		93E145422BC4462200CF18BA /* Ably_iosUITests.xctest */ = {isa = PBXFileReference; explicitFileType = wrapper.cfbundle; includeInIndex = 0; path = Ably_iosUITests.xctest; sourceTree = BUILT_PRODUCTS_DIR; };
		93E145462BC4462200CF18BA /* Ably_iosUITests.swift */ = {isa = PBXFileReference; lastKnownFileType = sourcecode.swift; path = Ably_iosUITests.swift; sourceTree = "<group>"; };
		93E145482BC4462200CF18BA /* Ably_iosUITestsLaunchTests.swift */ = {isa = PBXFileReference; lastKnownFileType = sourcecode.swift; path = Ably_iosUITestsLaunchTests.swift; sourceTree = "<group>"; };
/* End PBXFileReference section */

/* Begin PBXFrameworksBuildPhase section */
		93E145252BC4462000CF18BA /* Frameworks */ = {
			isa = PBXFrameworksBuildPhase;
			buildActionMask = 2147483647;
			files = (
				93E145572BC446B100CF18BA /* Ably in Frameworks */,
			);
			runOnlyForDeploymentPostprocessing = 0;
		};
		93E145352BC4462200CF18BA /* Frameworks */ = {
			isa = PBXFrameworksBuildPhase;
			buildActionMask = 2147483647;
			files = (
			);
			runOnlyForDeploymentPostprocessing = 0;
		};
		93E1453F2BC4462200CF18BA /* Frameworks */ = {
			isa = PBXFrameworksBuildPhase;
			buildActionMask = 2147483647;
			files = (
			);
			runOnlyForDeploymentPostprocessing = 0;
		};
/* End PBXFrameworksBuildPhase section */

/* Begin PBXGroup section */
		93E1451F2BC4462000CF18BA = {
			isa = PBXGroup;
			children = (
				93E1452A2BC4462000CF18BA /* Ably_ios */,
				93E1453B2BC4462200CF18BA /* Ably_iosTests */,
				93E145452BC4462200CF18BA /* Ably_iosUITests */,
				93E145292BC4462000CF18BA /* Products */,
			);
			sourceTree = "<group>";
		};
		93E145292BC4462000CF18BA /* Products */ = {
			isa = PBXGroup;
			children = (
				93E145282BC4462000CF18BA /* Ably_ios.app */,
				93E145382BC4462200CF18BA /* Ably_iosTests.xctest */,
				93E145422BC4462200CF18BA /* Ably_iosUITests.xctest */,
			);
			name = Products;
			sourceTree = "<group>";
		};
		93E1452A2BC4462000CF18BA /* Ably_ios */ = {
			isa = PBXGroup;
			children = (
				93C7B0672BFF8AEF000A83DE /* Ably-ios-Info.plist */,
				93E1452B2BC4462000CF18BA /* Ably_iosApp.swift */,
				93E1452D2BC4462000CF18BA /* ContentView.swift */,
				93E1452F2BC4462200CF18BA /* Assets.xcassets */,
				93E145312BC4462200CF18BA /* Preview Content */,
			);
			path = Ably_ios;
			sourceTree = "<group>";
		};
		93E145312BC4462200CF18BA /* Preview Content */ = {
			isa = PBXGroup;
			children = (
				93E145322BC4462200CF18BA /* Preview Assets.xcassets */,
			);
			path = "Preview Content";
			sourceTree = "<group>";
		};
		93E1453B2BC4462200CF18BA /* Ably_iosTests */ = {
			isa = PBXGroup;
			children = (
				93E1453C2BC4462200CF18BA /* Ably_iosTests.swift */,
			);
			path = Ably_iosTests;
			sourceTree = "<group>";
		};
		93E145452BC4462200CF18BA /* Ably_iosUITests */ = {
			isa = PBXGroup;
			children = (
				93E145462BC4462200CF18BA /* Ably_iosUITests.swift */,
				93E145482BC4462200CF18BA /* Ably_iosUITestsLaunchTests.swift */,
			);
			path = Ably_iosUITests;
			sourceTree = "<group>";
		};
/* End PBXGroup section */

/* Begin PBXNativeTarget section */
		93E145272BC4462000CF18BA /* Ably_ios */ = {
			isa = PBXNativeTarget;
			buildConfigurationList = 93E1454C2BC4462200CF18BA /* Build configuration list for PBXNativeTarget "Ably_ios" */;
			buildPhases = (
				93E145242BC4462000CF18BA /* Sources */,
				93E145252BC4462000CF18BA /* Frameworks */,
				93E145262BC4462000CF18BA /* Resources */,
			);
			buildRules = (
			);
			dependencies = (
			);
			name = Ably_ios;
			packageProductDependencies = (
				93E145562BC446B100CF18BA /* Ably */,
			);
			productName = Ably_ios;
			productReference = 93E145282BC4462000CF18BA /* Ably_ios.app */;
			productType = "com.apple.product-type.application";
		};
		93E145372BC4462200CF18BA /* Ably_iosTests */ = {
			isa = PBXNativeTarget;
			buildConfigurationList = 93E1454F2BC4462200CF18BA /* Build configuration list for PBXNativeTarget "Ably_iosTests" */;
			buildPhases = (
				93E145342BC4462200CF18BA /* Sources */,
				93E145352BC4462200CF18BA /* Frameworks */,
				93E145362BC4462200CF18BA /* Resources */,
			);
			buildRules = (
			);
			dependencies = (
				93E1453A2BC4462200CF18BA /* PBXTargetDependency */,
			);
			name = Ably_iosTests;
			productName = Ably_iosTests;
			productReference = 93E145382BC4462200CF18BA /* Ably_iosTests.xctest */;
			productType = "com.apple.product-type.bundle.unit-test";
		};
		93E145412BC4462200CF18BA /* Ably_iosUITests */ = {
			isa = PBXNativeTarget;
			buildConfigurationList = 93E145522BC4462200CF18BA /* Build configuration list for PBXNativeTarget "Ably_iosUITests" */;
			buildPhases = (
				93E1453E2BC4462200CF18BA /* Sources */,
				93E1453F2BC4462200CF18BA /* Frameworks */,
				93E145402BC4462200CF18BA /* Resources */,
			);
			buildRules = (
			);
			dependencies = (
				93E145442BC4462200CF18BA /* PBXTargetDependency */,
			);
			name = Ably_iosUITests;
			productName = Ably_iosUITests;
			productReference = 93E145422BC4462200CF18BA /* Ably_iosUITests.xctest */;
			productType = "com.apple.product-type.bundle.ui-testing";
		};
/* End PBXNativeTarget section */

/* Begin PBXProject section */
		93E145202BC4462000CF18BA /* Project object */ = {
			isa = PBXProject;
			attributes = {
				BuildIndependentTargetsInParallel = 1;
				LastSwiftUpdateCheck = 1520;
				LastUpgradeCheck = 1520;
				TargetAttributes = {
					93E145272BC4462000CF18BA = {
						CreatedOnToolsVersion = 15.2;
					};
					93E145372BC4462200CF18BA = {
						CreatedOnToolsVersion = 15.2;
						TestTargetID = 93E145272BC4462000CF18BA;
					};
					93E145412BC4462200CF18BA = {
						CreatedOnToolsVersion = 15.2;
						TestTargetID = 93E145272BC4462000CF18BA;
					};
				};
			};
			buildConfigurationList = 93E145232BC4462000CF18BA /* Build configuration list for PBXProject "Ably_ios" */;
			compatibilityVersion = "Xcode 14.0";
			developmentRegion = en;
			hasScannedForEncodings = 0;
			knownRegions = (
				en,
				Base,
			);
			mainGroup = 93E1451F2BC4462000CF18BA;
			packageReferences = (
				93E145552BC446B100CF18BA /* XCRemoteSwiftPackageReference "ably-cocoa" */,
			);
			productRefGroup = 93E145292BC4462000CF18BA /* Products */;
			projectDirPath = "";
			projectRoot = "";
			targets = (
				93E145272BC4462000CF18BA /* Ably_ios */,
				93E145372BC4462200CF18BA /* Ably_iosTests */,
				93E145412BC4462200CF18BA /* Ably_iosUITests */,
			);
		};
/* End PBXProject section */

/* Begin PBXResourcesBuildPhase section */
		93E145262BC4462000CF18BA /* Resources */ = {
			isa = PBXResourcesBuildPhase;
			buildActionMask = 2147483647;
			files = (
				93E145332BC4462200CF18BA /* Preview Assets.xcassets in Resources */,
				93E145302BC4462200CF18BA /* Assets.xcassets in Resources */,
			);
			runOnlyForDeploymentPostprocessing = 0;
		};
		93E145362BC4462200CF18BA /* Resources */ = {
			isa = PBXResourcesBuildPhase;
			buildActionMask = 2147483647;
			files = (
			);
			runOnlyForDeploymentPostprocessing = 0;
		};
		93E145402BC4462200CF18BA /* Resources */ = {
			isa = PBXResourcesBuildPhase;
			buildActionMask = 2147483647;
			files = (
			);
			runOnlyForDeploymentPostprocessing = 0;
		};
/* End PBXResourcesBuildPhase section */

/* Begin PBXSourcesBuildPhase section */
		93E145242BC4462000CF18BA /* Sources */ = {
			isa = PBXSourcesBuildPhase;
			buildActionMask = 2147483647;
			files = (
				93E1452E2BC4462000CF18BA /* ContentView.swift in Sources */,
				93E1452C2BC4462000CF18BA /* Ably_iosApp.swift in Sources */,
			);
			runOnlyForDeploymentPostprocessing = 0;
		};
		93E145342BC4462200CF18BA /* Sources */ = {
			isa = PBXSourcesBuildPhase;
			buildActionMask = 2147483647;
			files = (
				93E1453D2BC4462200CF18BA /* Ably_iosTests.swift in Sources */,
			);
			runOnlyForDeploymentPostprocessing = 0;
		};
		93E1453E2BC4462200CF18BA /* Sources */ = {
			isa = PBXSourcesBuildPhase;
			buildActionMask = 2147483647;
			files = (
				93E145492BC4462200CF18BA /* Ably_iosUITestsLaunchTests.swift in Sources */,
				93E145472BC4462200CF18BA /* Ably_iosUITests.swift in Sources */,
			);
			runOnlyForDeploymentPostprocessing = 0;
		};
/* End PBXSourcesBuildPhase section */

/* Begin PBXTargetDependency section */
		93E1453A2BC4462200CF18BA /* PBXTargetDependency */ = {
			isa = PBXTargetDependency;
			target = 93E145272BC4462000CF18BA /* Ably_ios */;
			targetProxy = 93E145392BC4462200CF18BA /* PBXContainerItemProxy */;
		};
		93E145442BC4462200CF18BA /* PBXTargetDependency */ = {
			isa = PBXTargetDependency;
			target = 93E145272BC4462000CF18BA /* Ably_ios */;
			targetProxy = 93E145432BC4462200CF18BA /* PBXContainerItemProxy */;
		};
/* End PBXTargetDependency section */

/* Begin XCBuildConfiguration section */
		93E1454A2BC4462200CF18BA /* Debug */ = {
			isa = XCBuildConfiguration;
			buildSettings = {
				ALWAYS_SEARCH_USER_PATHS = NO;
				ASSETCATALOG_COMPILER_GENERATE_SWIFT_ASSET_SYMBOL_EXTENSIONS = YES;
				CLANG_ANALYZER_NONNULL = YES;
				CLANG_ANALYZER_NUMBER_OBJECT_CONVERSION = YES_AGGRESSIVE;
				CLANG_CXX_LANGUAGE_STANDARD = "gnu++20";
				CLANG_ENABLE_MODULES = YES;
				CLANG_ENABLE_OBJC_ARC = YES;
				CLANG_ENABLE_OBJC_WEAK = YES;
				CLANG_WARN_BLOCK_CAPTURE_AUTORELEASING = YES;
				CLANG_WARN_BOOL_CONVERSION = YES;
				CLANG_WARN_COMMA = YES;
				CLANG_WARN_CONSTANT_CONVERSION = YES;
				CLANG_WARN_DEPRECATED_OBJC_IMPLEMENTATIONS = YES;
				CLANG_WARN_DIRECT_OBJC_ISA_USAGE = YES_ERROR;
				CLANG_WARN_DOCUMENTATION_COMMENTS = YES;
				CLANG_WARN_EMPTY_BODY = YES;
				CLANG_WARN_ENUM_CONVERSION = YES;
				CLANG_WARN_INFINITE_RECURSION = YES;
				CLANG_WARN_INT_CONVERSION = YES;
				CLANG_WARN_NON_LITERAL_NULL_CONVERSION = YES;
				CLANG_WARN_OBJC_IMPLICIT_RETAIN_SELF = YES;
				CLANG_WARN_OBJC_LITERAL_CONVERSION = YES;
				CLANG_WARN_OBJC_ROOT_CLASS = YES_ERROR;
				CLANG_WARN_QUOTED_INCLUDE_IN_FRAMEWORK_HEADER = YES;
				CLANG_WARN_RANGE_LOOP_ANALYSIS = YES;
				CLANG_WARN_STRICT_PROTOTYPES = YES;
				CLANG_WARN_SUSPICIOUS_MOVE = YES;
				CLANG_WARN_UNGUARDED_AVAILABILITY = YES_AGGRESSIVE;
				CLANG_WARN_UNREACHABLE_CODE = YES;
				CLANG_WARN__DUPLICATE_METHOD_MATCH = YES;
				COPY_PHASE_STRIP = NO;
				DEBUG_INFORMATION_FORMAT = dwarf;
				ENABLE_STRICT_OBJC_MSGSEND = YES;
				ENABLE_TESTABILITY = YES;
				ENABLE_USER_SCRIPT_SANDBOXING = YES;
				GCC_C_LANGUAGE_STANDARD = gnu17;
				GCC_DYNAMIC_NO_PIC = NO;
				GCC_NO_COMMON_BLOCKS = YES;
				GCC_OPTIMIZATION_LEVEL = 0;
				GCC_PREPROCESSOR_DEFINITIONS = (
					"DEBUG=1",
					"$(inherited)",
				);
				GCC_WARN_64_TO_32_BIT_CONVERSION = YES;
				GCC_WARN_ABOUT_RETURN_TYPE = YES_ERROR;
				GCC_WARN_UNDECLARED_SELECTOR = YES;
				GCC_WARN_UNINITIALIZED_AUTOS = YES_AGGRESSIVE;
				GCC_WARN_UNUSED_FUNCTION = YES;
				GCC_WARN_UNUSED_VARIABLE = YES;
				IPHONEOS_DEPLOYMENT_TARGET = 17.2;
				LOCALIZATION_PREFERS_STRING_CATALOGS = YES;
				MTL_ENABLE_DEBUG_INFO = INCLUDE_SOURCE;
				MTL_FAST_MATH = YES;
				ONLY_ACTIVE_ARCH = YES;
				SDKROOT = iphoneos;
				SWIFT_ACTIVE_COMPILATION_CONDITIONS = "DEBUG $(inherited)";
				SWIFT_OPTIMIZATION_LEVEL = "-Onone";
			};
			name = Debug;
		};
		93E1454B2BC4462200CF18BA /* Release */ = {
			isa = XCBuildConfiguration;
			buildSettings = {
				ALWAYS_SEARCH_USER_PATHS = NO;
				ASSETCATALOG_COMPILER_GENERATE_SWIFT_ASSET_SYMBOL_EXTENSIONS = YES;
				CLANG_ANALYZER_NONNULL = YES;
				CLANG_ANALYZER_NUMBER_OBJECT_CONVERSION = YES_AGGRESSIVE;
				CLANG_CXX_LANGUAGE_STANDARD = "gnu++20";
				CLANG_ENABLE_MODULES = YES;
				CLANG_ENABLE_OBJC_ARC = YES;
				CLANG_ENABLE_OBJC_WEAK = YES;
				CLANG_WARN_BLOCK_CAPTURE_AUTORELEASING = YES;
				CLANG_WARN_BOOL_CONVERSION = YES;
				CLANG_WARN_COMMA = YES;
				CLANG_WARN_CONSTANT_CONVERSION = YES;
				CLANG_WARN_DEPRECATED_OBJC_IMPLEMENTATIONS = YES;
				CLANG_WARN_DIRECT_OBJC_ISA_USAGE = YES_ERROR;
				CLANG_WARN_DOCUMENTATION_COMMENTS = YES;
				CLANG_WARN_EMPTY_BODY = YES;
				CLANG_WARN_ENUM_CONVERSION = YES;
				CLANG_WARN_INFINITE_RECURSION = YES;
				CLANG_WARN_INT_CONVERSION = YES;
				CLANG_WARN_NON_LITERAL_NULL_CONVERSION = YES;
				CLANG_WARN_OBJC_IMPLICIT_RETAIN_SELF = YES;
				CLANG_WARN_OBJC_LITERAL_CONVERSION = YES;
				CLANG_WARN_OBJC_ROOT_CLASS = YES_ERROR;
				CLANG_WARN_QUOTED_INCLUDE_IN_FRAMEWORK_HEADER = YES;
				CLANG_WARN_RANGE_LOOP_ANALYSIS = YES;
				CLANG_WARN_STRICT_PROTOTYPES = YES;
				CLANG_WARN_SUSPICIOUS_MOVE = YES;
				CLANG_WARN_UNGUARDED_AVAILABILITY = YES_AGGRESSIVE;
				CLANG_WARN_UNREACHABLE_CODE = YES;
				CLANG_WARN__DUPLICATE_METHOD_MATCH = YES;
				COPY_PHASE_STRIP = NO;
				DEBUG_INFORMATION_FORMAT = "dwarf-with-dsym";
				ENABLE_NS_ASSERTIONS = NO;
				ENABLE_STRICT_OBJC_MSGSEND = YES;
				ENABLE_USER_SCRIPT_SANDBOXING = YES;
				GCC_C_LANGUAGE_STANDARD = gnu17;
				GCC_NO_COMMON_BLOCKS = YES;
				GCC_WARN_64_TO_32_BIT_CONVERSION = YES;
				GCC_WARN_ABOUT_RETURN_TYPE = YES_ERROR;
				GCC_WARN_UNDECLARED_SELECTOR = YES;
				GCC_WARN_UNINITIALIZED_AUTOS = YES_AGGRESSIVE;
				GCC_WARN_UNUSED_FUNCTION = YES;
				GCC_WARN_UNUSED_VARIABLE = YES;
				IPHONEOS_DEPLOYMENT_TARGET = 17.2;
				LOCALIZATION_PREFERS_STRING_CATALOGS = YES;
				MTL_ENABLE_DEBUG_INFO = NO;
				MTL_FAST_MATH = YES;
				SDKROOT = iphoneos;
				SWIFT_COMPILATION_MODE = wholemodule;
				VALIDATE_PRODUCT = YES;
			};
			name = Release;
		};
		93E1454D2BC4462200CF18BA /* Debug */ = {
			isa = XCBuildConfiguration;
			buildSettings = {
				ASSETCATALOG_COMPILER_APPICON_NAME = AppIcon;
				ASSETCATALOG_COMPILER_GLOBAL_ACCENT_COLOR_NAME = AccentColor;
				CODE_SIGN_STYLE = Automatic;
				CURRENT_PROJECT_VERSION = 1;
				DEVELOPMENT_ASSET_PATHS = "\"Ably_ios/Preview Content\"";
				ENABLE_PREVIEWS = YES;
				GENERATE_INFOPLIST_FILE = YES;
				INFOPLIST_FILE = "Ably-ios-Info.plist";
				INFOPLIST_KEY_UIApplicationSceneManifest_Generation = YES;
				INFOPLIST_KEY_UIApplicationSupportsIndirectInputEvents = YES;
				INFOPLIST_KEY_UILaunchScreen_Generation = YES;
				INFOPLIST_KEY_UISupportedInterfaceOrientations_iPad = "UIInterfaceOrientationPortrait UIInterfaceOrientationPortraitUpsideDown UIInterfaceOrientationLandscapeLeft UIInterfaceOrientationLandscapeRight";
				INFOPLIST_KEY_UISupportedInterfaceOrientations_iPhone = "UIInterfaceOrientationPortrait UIInterfaceOrientationLandscapeLeft UIInterfaceOrientationLandscapeRight";
				LD_RUNPATH_SEARCH_PATHS = (
					"$(inherited)",
					"@executable_path/Frameworks",
				);
				MARKETING_VERSION = 1.0;
				PRODUCT_BUNDLE_IDENTIFIER = "me.mclarklab.Ably-ios";
				PRODUCT_NAME = "$(TARGET_NAME)";
				SWIFT_EMIT_LOC_STRINGS = YES;
				SWIFT_VERSION = 5.0;
				TARGETED_DEVICE_FAMILY = "1,2";
			};
			name = Debug;
		};
		93E1454E2BC4462200CF18BA /* Release */ = {
			isa = XCBuildConfiguration;
			buildSettings = {
				ASSETCATALOG_COMPILER_APPICON_NAME = AppIcon;
				ASSETCATALOG_COMPILER_GLOBAL_ACCENT_COLOR_NAME = AccentColor;
				CODE_SIGN_STYLE = Automatic;
				CURRENT_PROJECT_VERSION = 1;
				DEVELOPMENT_ASSET_PATHS = "\"Ably_ios/Preview Content\"";
				ENABLE_PREVIEWS = YES;
				GENERATE_INFOPLIST_FILE = YES;
				INFOPLIST_FILE = "Ably-ios-Info.plist";
				INFOPLIST_KEY_UIApplicationSceneManifest_Generation = YES;
				INFOPLIST_KEY_UIApplicationSupportsIndirectInputEvents = YES;
				INFOPLIST_KEY_UILaunchScreen_Generation = YES;
				INFOPLIST_KEY_UISupportedInterfaceOrientations_iPad = "UIInterfaceOrientationPortrait UIInterfaceOrientationPortraitUpsideDown UIInterfaceOrientationLandscapeLeft UIInterfaceOrientationLandscapeRight";
				INFOPLIST_KEY_UISupportedInterfaceOrientations_iPhone = "UIInterfaceOrientationPortrait UIInterfaceOrientationLandscapeLeft UIInterfaceOrientationLandscapeRight";
				LD_RUNPATH_SEARCH_PATHS = (
					"$(inherited)",
					"@executable_path/Frameworks",
				);
				MARKETING_VERSION = 1.0;
				PRODUCT_BUNDLE_IDENTIFIER = "me.mclarklab.Ably-ios";
				PRODUCT_NAME = "$(TARGET_NAME)";
				SWIFT_EMIT_LOC_STRINGS = YES;
				SWIFT_VERSION = 5.0;
				TARGETED_DEVICE_FAMILY = "1,2";
			};
			name = Release;
		};
		93E145502BC4462200CF18BA /* Debug */ = {
			isa = XCBuildConfiguration;
			buildSettings = {
				ALWAYS_EMBED_SWIFT_STANDARD_LIBRARIES = YES;
				BUNDLE_LOADER = "$(TEST_HOST)";
				CODE_SIGN_STYLE = Automatic;
				CURRENT_PROJECT_VERSION = 1;
				GENERATE_INFOPLIST_FILE = YES;
				IPHONEOS_DEPLOYMENT_TARGET = 17.2;
				MARKETING_VERSION = 1.0;
				PRODUCT_BUNDLE_IDENTIFIER = "me.mclarklab.Ably-iosTests";
				PRODUCT_NAME = "$(TARGET_NAME)";
				SWIFT_EMIT_LOC_STRINGS = NO;
				SWIFT_VERSION = 5.0;
				TARGETED_DEVICE_FAMILY = "1,2";
				TEST_HOST = "$(BUILT_PRODUCTS_DIR)/Ably_ios.app/$(BUNDLE_EXECUTABLE_FOLDER_PATH)/Ably_ios";
			};
			name = Debug;
		};
		93E145512BC4462200CF18BA /* Release */ = {
			isa = XCBuildConfiguration;
			buildSettings = {
				ALWAYS_EMBED_SWIFT_STANDARD_LIBRARIES = YES;
				BUNDLE_LOADER = "$(TEST_HOST)";
				CODE_SIGN_STYLE = Automatic;
				CURRENT_PROJECT_VERSION = 1;
				GENERATE_INFOPLIST_FILE = YES;
				IPHONEOS_DEPLOYMENT_TARGET = 17.2;
				MARKETING_VERSION = 1.0;
				PRODUCT_BUNDLE_IDENTIFIER = "me.mclarklab.Ably-iosTests";
				PRODUCT_NAME = "$(TARGET_NAME)";
				SWIFT_EMIT_LOC_STRINGS = NO;
				SWIFT_VERSION = 5.0;
				TARGETED_DEVICE_FAMILY = "1,2";
				TEST_HOST = "$(BUILT_PRODUCTS_DIR)/Ably_ios.app/$(BUNDLE_EXECUTABLE_FOLDER_PATH)/Ably_ios";
			};
			name = Release;
		};
		93E145532BC4462200CF18BA /* Debug */ = {
			isa = XCBuildConfiguration;
			buildSettings = {
				ALWAYS_EMBED_SWIFT_STANDARD_LIBRARIES = YES;
				CODE_SIGN_STYLE = Automatic;
				CURRENT_PROJECT_VERSION = 1;
				GENERATE_INFOPLIST_FILE = YES;
				MARKETING_VERSION = 1.0;
				PRODUCT_BUNDLE_IDENTIFIER = "me.mclarklab.Ably-iosUITests";
				PRODUCT_NAME = "$(TARGET_NAME)";
				SWIFT_EMIT_LOC_STRINGS = NO;
				SWIFT_VERSION = 5.0;
				TARGETED_DEVICE_FAMILY = "1,2";
				TEST_TARGET_NAME = Ably_ios;
			};
			name = Debug;
		};
		93E145542BC4462200CF18BA /* Release */ = {
			isa = XCBuildConfiguration;
			buildSettings = {
				ALWAYS_EMBED_SWIFT_STANDARD_LIBRARIES = YES;
				CODE_SIGN_STYLE = Automatic;
				CURRENT_PROJECT_VERSION = 1;
				GENERATE_INFOPLIST_FILE = YES;
				MARKETING_VERSION = 1.0;
				PRODUCT_BUNDLE_IDENTIFIER = "me.mclarklab.Ably-iosUITests";
				PRODUCT_NAME = "$(TARGET_NAME)";
				SWIFT_EMIT_LOC_STRINGS = NO;
				SWIFT_VERSION = 5.0;
				TARGETED_DEVICE_FAMILY = "1,2";
				TEST_TARGET_NAME = Ably_ios;
			};
			name = Release;
		};
/* End XCBuildConfiguration section */

/* Begin XCConfigurationList section */
		93E145232BC4462000CF18BA /* Build configuration list for PBXProject "Ably_ios" */ = {
			isa = XCConfigurationList;
			buildConfigurations = (
				93E1454A2BC4462200CF18BA /* Debug */,
				93E1454B2BC4462200CF18BA /* Release */,
			);
			defaultConfigurationIsVisible = 0;
			defaultConfigurationName = Release;
		};
		93E1454C2BC4462200CF18BA /* Build configuration list for PBXNativeTarget "Ably_ios" */ = {
			isa = XCConfigurationList;
			buildConfigurations = (
				93E1454D2BC4462200CF18BA /* Debug */,
				93E1454E2BC4462200CF18BA /* Release */,
			);
			defaultConfigurationIsVisible = 0;
			defaultConfigurationName = Release;
		};
		93E1454F2BC4462200CF18BA /* Build configuration list for PBXNativeTarget "Ably_iosTests" */ = {
			isa = XCConfigurationList;
			buildConfigurations = (
				93E145502BC4462200CF18BA /* Debug */,
				93E145512BC4462200CF18BA /* Release */,
			);
			defaultConfigurationIsVisible = 0;
			defaultConfigurationName = Release;
		};
		93E145522BC4462200CF18BA /* Build configuration list for PBXNativeTarget "Ably_iosUITests" */ = {
			isa = XCConfigurationList;
			buildConfigurations = (
				93E145532BC4462200CF18BA /* Debug */,
				93E145542BC4462200CF18BA /* Release */,
			);
			defaultConfigurationIsVisible = 0;
			defaultConfigurationName = Release;
		};
/* End XCConfigurationList section */

/* Begin XCRemoteSwiftPackageReference section */
		93E145552BC446B100CF18BA /* XCRemoteSwiftPackageReference "ably-cocoa" */ = {
			isa = XCRemoteSwiftPackageReference;
			repositoryURL = "https://github.com/ably/ably-cocoa";
			requirement = {
				kind = upToNextMajorVersion;
				minimumVersion = 1.2.29;
			};
		};
/* End XCRemoteSwiftPackageReference section */

/* Begin XCSwiftPackageProductDependency section */
		93E145562BC446B100CF18BA /* Ably */ = {
			isa = XCSwiftPackageProductDependency;
			package = 93E145552BC446B100CF18BA /* XCRemoteSwiftPackageReference "ably-cocoa" */;
			productName = Ably;
		};
/* End XCSwiftPackageProductDependency section */
	};
	rootObject = 93E145202BC4462000CF18BA /* Project object */;
}
